
Microsoft Visual Studio Solution File, Format Version 12.00
# Visual Studio Version 17
VisualStudioVersion = 17.14.36511.14
MinimumVisualStudioVersion = 10.0.40219.1
Project("{FAE04EC0-301F-11D3-BF4B-00C04F79EFBC}") = "DVLD", "DVLD.csproj", "{9227E32C-6B75-4FF6-A6E1-9F59896B1E58}"
EndProject
Project("{FAE04EC0-301F-11D3-BF4B-00C04F79EFBC}") = "DVLD_DataAccess", "..\DVLD_DataAccess\DVLD_DataAccess.csproj", "{118DD555-1E64-44CD-9546-8F3C6666459A}"
EndProject
Project("{FAE04EC0-301F-11D3-BF4B-00C04F79EFBC}") = "DVLD_Business", "..\DVLD_Business\DVLD_Business.csproj", "{6B34332D-A115-4C26-8DDE-3DDE366DBABD}"
EndProject
Global
	GlobalSection(SolutionConfigurationPlatforms) = preSolution
		Debug|Any CPU = Debug|Any CPU
		Release|Any CPU = Release|Any CPU
	EndGlobalSection
	GlobalSection(ProjectConfigurationPlatforms) = postSolution
		{9227E32C-6B75-4FF6-A6E1-9F59896B1E58}.Debug|Any CPU.ActiveCfg = Debug|Any CPU
		{9227E32C-6B75-4FF6-A6E1-9F59896B1E58}.Debug|Any CPU.Build.0 = Debug|Any CPU
		{9227E32C-6B75-4FF6-A6E1-9F59896B1E58}.Release|Any CPU.ActiveCfg = Release|Any CPU
		{9227E32C-6B75-4FF6-A6E1-9F59896B1E58}.Release|Any CPU.Build.0 = Release|Any CPU
		{118DD555-1E64-44CD-9546-8F3C6666459A}.Debug|Any CPU.ActiveCfg = Debug|Any CPU
		{118DD555-1E64-44CD-9546-8F3C6666459A}.Debug|Any CPU.Build.0 = Debug|Any CPU
		{118DD555-1E64-44CD-9546-8F3C6666459A}.Release|Any CPU.ActiveCfg = Release|Any CPU
		{118DD555-1E64-44CD-9546-8F3C6666459A}.Release|Any CPU.Build.0 = Release|Any CPU
		{6B34332D-A115-4C26-8DDE-3DDE366DBABD}.Debug|Any CPU.ActiveCfg = Debug|Any CPU
		{6B34332D-A115-4C26-8DDE-3DDE366DBABD}.Debug|Any CPU.Build.0 = Debug|Any CPU
		{6B34332D-A115-4C26-8DDE-3DDE366DBABD}.Release|Any CPU.ActiveCfg = Release|Any CPU
		{6B34332D-A115-4C26-8DDE-3DDE366DBABD}.Release|Any CPU.Build.0 = Release|Any CPU
	EndGlobalSection
	GlobalSection(SolutionProperties) = preSolution
		HideSolutionNode = FALSE
	EndGlobalSection
	GlobalSection(ExtensibilityGlobals) = postSolution
		SolutionGuid = {A4092828-CD3F-4AE9-8A31-FE2BF19EAC48}
	EndGlobalSection
EndGlobal
